
Microsoft Visual Studio Solution File, Format Version 12.00
# Visual Studio Version 17
VisualStudioVersion = 17.14.36429.23 d17.14
MinimumVisualStudioVersion = 10.0.40219.1
Project("{FAE04EC0-301F-11D3-BF4B-00C04F79EFBC}") = "projetoPessoa", "projetoPessoa.csproj", "{A9980FF9-DED5-48F2-9501-DA35268738DD}"
EndProject
Global
	GlobalSection(SolutionConfigurationPlatforms) = preSolution
		Debug|Any CPU = Debug|Any CPU
		Release|Any CPU = Release|Any CPU
	EndGlobalSection
	GlobalSection(ProjectConfigurationPlatforms) = postSolution
		{A9980FF9-DED5-48F2-9501-DA35268738DD}.Debug|Any CPU.ActiveCfg = Debug|Any CPU
		{A9980FF9-DED5-48F2-9501-DA35268738DD}.Debug|Any CPU.Build.0 = Debug|Any CPU
		{A9980FF9-DED5-48F2-9501-DA35268738DD}.Release|Any CPU.ActiveCfg = Release|Any CPU
		{A9980FF9-DED5-48F2-9501-DA35268738DD}.Release|Any CPU.Build.0 = Release|Any CPU
	EndGlobalSection
	GlobalSection(SolutionProperties) = preSolution
		HideSolutionNode = FALSE
	EndGlobalSection
	GlobalSection(ExtensibilityGlobals) = postSolution
		SolutionGuid = {BFA589B4-6260-453F-8BE9-EFBCADF6C4D8}
	EndGlobalSection
EndGlobal
